
Microsoft Visual Studio Solution File, Format Version 12.00
Project("{FAE04EC0-301F-11D3-BF4B-00C04F79EFBC}") = "Theory", "Theory\Theory.csproj", "{70A95CE1-DF5A-4F18-A3EB-5B6E91CB6A94}"
EndProject
Project("{FAE04EC0-301F-11D3-BF4B-00C04F79EFBC}") = "Practice Maxim", "Practice Maxim\Practice Maxim.csproj", "{B671835B-7B2F-4DCE-AC80-146E52576876}"
EndProject
Project("{FAE04EC0-301F-11D3-BF4B-00C04F79EFBC}") = "Practice Yauheni", "Practice Yauheni\Practice Yauheni.csproj", "{B7E46C0B-6A3B-4525-A6DF-4ABFA27A4C7A}"
EndProject
Project("{FAE04EC0-301F-11D3-BF4B-00C04F79EFBC}") = "Practice Alexander", "Practice Alexander\Practice Alexander.csproj", "{8BA0D935-0DA8-4D1C-AEFF-E0AF2269824E}"
EndProject
Project("{FAE04EC0-301F-11D3-BF4B-00C04F79EFBC}") = "TestProjects", "TestProjects\TestProjects.csproj", "{8C0D6075-1177-4751-AD9C-F40B2E187CF0}"
EndProject
Project("{FAE04EC0-301F-11D3-BF4B-00C04F79EFBC}") = "ServerTcp", "ServerTcp\ServerTcp.csproj", "{6B9165BB-FDB8-4133-875D-A3BC78FCA9ED}"
EndProject
Project("{FAE04EC0-301F-11D3-BF4B-00C04F79EFBC}") = "ClientTcp", "ClientTcp\ClientTcp.csproj", "{54BF552F-18DF-41B6-AF42-B30629B4CC2B}"
EndProject
Global
	GlobalSection(SolutionConfigurationPlatforms) = preSolution
		Debug|Any CPU = Debug|Any CPU
		Release|Any CPU = Release|Any CPU
	EndGlobalSection
	GlobalSection(ProjectConfigurationPlatforms) = postSolution
		{70A95CE1-DF5A-4F18-A3EB-5B6E91CB6A94}.Debug|Any CPU.ActiveCfg = Debug|Any CPU
		{70A95CE1-DF5A-4F18-A3EB-5B6E91CB6A94}.Debug|Any CPU.Build.0 = Debug|Any CPU
		{70A95CE1-DF5A-4F18-A3EB-5B6E91CB6A94}.Release|Any CPU.ActiveCfg = Release|Any CPU
		{70A95CE1-DF5A-4F18-A3EB-5B6E91CB6A94}.Release|Any CPU.Build.0 = Release|Any CPU
		{B671835B-7B2F-4DCE-AC80-146E52576876}.Debug|Any CPU.ActiveCfg = Debug|Any CPU
		{B671835B-7B2F-4DCE-AC80-146E52576876}.Debug|Any CPU.Build.0 = Debug|Any CPU
		{B671835B-7B2F-4DCE-AC80-146E52576876}.Release|Any CPU.ActiveCfg = Release|Any CPU
		{B671835B-7B2F-4DCE-AC80-146E52576876}.Release|Any CPU.Build.0 = Release|Any CPU
		{B7E46C0B-6A3B-4525-A6DF-4ABFA27A4C7A}.Debug|Any CPU.ActiveCfg = Debug|Any CPU
		{B7E46C0B-6A3B-4525-A6DF-4ABFA27A4C7A}.Debug|Any CPU.Build.0 = Debug|Any CPU
		{B7E46C0B-6A3B-4525-A6DF-4ABFA27A4C7A}.Release|Any CPU.ActiveCfg = Release|Any CPU
		{B7E46C0B-6A3B-4525-A6DF-4ABFA27A4C7A}.Release|Any CPU.Build.0 = Release|Any CPU
		{8BA0D935-0DA8-4D1C-AEFF-E0AF2269824E}.Debug|Any CPU.ActiveCfg = Debug|Any CPU
		{8BA0D935-0DA8-4D1C-AEFF-E0AF2269824E}.Debug|Any CPU.Build.0 = Debug|Any CPU
		{8BA0D935-0DA8-4D1C-AEFF-E0AF2269824E}.Release|Any CPU.ActiveCfg = Release|Any CPU
		{8BA0D935-0DA8-4D1C-AEFF-E0AF2269824E}.Release|Any CPU.Build.0 = Release|Any CPU
		{8C0D6075-1177-4751-AD9C-F40B2E187CF0}.Debug|Any CPU.ActiveCfg = Debug|Any CPU
		{8C0D6075-1177-4751-AD9C-F40B2E187CF0}.Debug|Any CPU.Build.0 = Debug|Any CPU
		{8C0D6075-1177-4751-AD9C-F40B2E187CF0}.Release|Any CPU.ActiveCfg = Release|Any CPU
		{8C0D6075-1177-4751-AD9C-F40B2E187CF0}.Release|Any CPU.Build.0 = Release|Any CPU
		{6B9165BB-FDB8-4133-875D-A3BC78FCA9ED}.Debug|Any CPU.ActiveCfg = Debug|Any CPU
		{6B9165BB-FDB8-4133-875D-A3BC78FCA9ED}.Debug|Any CPU.Build.0 = Debug|Any CPU
		{6B9165BB-FDB8-4133-875D-A3BC78FCA9ED}.Release|Any CPU.ActiveCfg = Release|Any CPU
		{6B9165BB-FDB8-4133-875D-A3BC78FCA9ED}.Release|Any CPU.Build.0 = Release|Any CPU
		{54BF552F-18DF-41B6-AF42-B30629B4CC2B}.Debug|Any CPU.ActiveCfg = Debug|Any CPU
		{54BF552F-18DF-41B6-AF42-B30629B4CC2B}.Debug|Any CPU.Build.0 = Debug|Any CPU
		{54BF552F-18DF-41B6-AF42-B30629B4CC2B}.Release|Any CPU.ActiveCfg = Release|Any CPU
		{54BF552F-18DF-41B6-AF42-B30629B4CC2B}.Release|Any CPU.Build.0 = Release|Any CPU
	EndGlobalSection
EndGlobal
